
Microsoft Visual Studio Solution File, Format Version 12.00
# Visual Studio Version 17
VisualStudioVersion = 17.8.34316.72
MinimumVisualStudioVersion = 10.0.40219.1
Project("{FAE04EC0-301F-11D3-BF4B-00C04F79EFBC}") = "UserRegistration", "UserRegistration\UserRegistration.csproj", "{887A7897-0714-4ADB-B8E6-F25551B655DD}"
EndProject
Project("{FAE04EC0-301F-11D3-BF4B-00C04F79EFBC}") = "WebApp", "WebApp\WebApp.csproj", "{578AC0C3-9BA2-49FD-8C1F-C4D02FA312BC}"
EndProject
Global
	GlobalSection(SolutionConfigurationPlatforms) = preSolution
		Debug|Any CPU = Debug|Any CPU
		Release|Any CPU = Release|Any CPU
	EndGlobalSection
	GlobalSection(ProjectConfigurationPlatforms) = postSolution
		{887A7897-0714-4ADB-B8E6-F25551B655DD}.Debug|Any CPU.ActiveCfg = Debug|Any CPU
		{887A7897-0714-4ADB-B8E6-F25551B655DD}.Debug|Any CPU.Build.0 = Debug|Any CPU
		{887A7897-0714-4ADB-B8E6-F25551B655DD}.Release|Any CPU.ActiveCfg = Release|Any CPU
		{887A7897-0714-4ADB-B8E6-F25551B655DD}.Release|Any CPU.Build.0 = Release|Any CPU
		{578AC0C3-9BA2-49FD-8C1F-C4D02FA312BC}.Debug|Any CPU.ActiveCfg = Debug|Any CPU
		{578AC0C3-9BA2-49FD-8C1F-C4D02FA312BC}.Debug|Any CPU.Build.0 = Debug|Any CPU
		{578AC0C3-9BA2-49FD-8C1F-C4D02FA312BC}.Release|Any CPU.ActiveCfg = Release|Any CPU
		{578AC0C3-9BA2-49FD-8C1F-C4D02FA312BC}.Release|Any CPU.Build.0 = Release|Any CPU
	EndGlobalSection
	GlobalSection(SolutionProperties) = preSolution
		HideSolutionNode = FALSE
	EndGlobalSection
	GlobalSection(ExtensibilityGlobals) = postSolution
		SolutionGuid = {0ABD07A9-DB0C-46BA-8094-3986A8FDACDD}
	EndGlobalSection
EndGlobal
